// !$*UTF8*$!
{
	archiveVersion = 1;
	classes = {
	};
	objectVersion = 46;
	objects = {

/* Begin PBXBuildFile section */
		6405A5B81C696BE600441745 /* main.m in Sources */ = {isa = PBXBuildFile; fileRef = 6405A5B71C696BE600441745 /* main.m */; };
		6405A5BB1C696BE600441745 /* AppDelegate.m in Sources */ = {isa = PBXBuildFile; fileRef = 6405A5BA1C696BE600441745 /* AppDelegate.m */; };
		6405A5BE1C696BE600441745 /* MainViewController.m in Sources */ = {isa = PBXBuildFile; fileRef = 6405A5BD1C696BE600441745 /* MainViewController.m */; };
		6405A5C11C696BE600441745 /* Main.storyboard in Resources */ = {isa = PBXBuildFile; fileRef = 6405A5BF1C696BE600441745 /* Main.storyboard */; };
		6405A5C61C696BE600441745 /* Assets.xcassets in Resources */ = {isa = PBXBuildFile; fileRef = 6405A5C51C696BE600441745 /* Assets.xcassets */; };
		6405A5C91C696BE600441745 /* LaunchScreen.storyboard in Resources */ = {isa = PBXBuildFile; fileRef = 6405A5C71C696BE600441745 /* LaunchScreen.storyboard */; };
		A0ADEF8C1C9FB2DE00D1A471 /* MainView.m in Sources */ = {isa = PBXBuildFile; fileRef = A0ADEF8B1C9FB2DE00D1A471 /* MainView.m */; };
		A0F2921D1D86781200BC6A53 /* UIView+Helper.m in Sources */ = {isa = PBXBuildFile; fileRef = A0F2921C1D86781200BC6A53 /* UIView+Helper.m */; };
/* End PBXBuildFile section */

/* Begin PBXCopyFilesBuildPhase section */
		6405A5E11C696BF700441745 /* Embed Frameworks */ = {
			isa = PBXCopyFilesBuildPhase;
			buildActionMask = 2147483647;
			dstPath = "";
			dstSubfolderSpec = 10;
			files = (
			);
			name = "Embed Frameworks";
			runOnlyForDeploymentPostprocessing = 0;
		};
/* End PBXCopyFilesBuildPhase section */

/* Begin PBXFileReference section */
		6405A5B31C696BE600441745 /* OneToOneSample.app */ = {isa = PBXFileReference; explicitFileType = wrapper.application; includeInIndex = 0; path = OneToOneSample.app; sourceTree = BUILT_PRODUCTS_DIR; };
		6405A5B71C696BE600441745 /* main.m */ = {isa = PBXFileReference; lastKnownFileType = sourcecode.c.objc; name = main.m; path = SampleApp/main.m; sourceTree = SOURCE_ROOT; };
		6405A5B91C696BE600441745 /* AppDelegate.h */ = {isa = PBXFileReference; lastKnownFileType = sourcecode.c.h; path = AppDelegate.h; sourceTree = "<group>"; };
		6405A5BA1C696BE600441745 /* AppDelegate.m */ = {isa = PBXFileReference; lastKnownFileType = sourcecode.c.objc; path = AppDelegate.m; sourceTree = "<group>"; };
		6405A5BC1C696BE600441745 /* MainViewController.h */ = {isa = PBXFileReference; lastKnownFileType = sourcecode.c.h; path = MainViewController.h; sourceTree = "<group>"; };
		6405A5BD1C696BE600441745 /* MainViewController.m */ = {isa = PBXFileReference; lastKnownFileType = sourcecode.c.objc; lineEnding = 0; path = MainViewController.m; sourceTree = "<group>"; xcLanguageSpecificationIdentifier = xcode.lang.objc; };
		6405A5C01C696BE600441745 /* Base */ = {isa = PBXFileReference; lastKnownFileType = file.storyboard; name = Base; path = Base.lproj/Main.storyboard; sourceTree = "<group>"; };
		6405A5C51C696BE600441745 /* Assets.xcassets */ = {isa = PBXFileReference; lastKnownFileType = folder.assetcatalog; path = Assets.xcassets; sourceTree = "<group>"; };
		6405A5C81C696BE600441745 /* Base */ = {isa = PBXFileReference; lastKnownFileType = file.storyboard; name = Base; path = Base.lproj/LaunchScreen.storyboard; sourceTree = "<group>"; };
		6405A5CA1C696BE600441745 /* Info.plist */ = {isa = PBXFileReference; lastKnownFileType = text.plist.xml; path = Info.plist; sourceTree = "<group>"; };
		A0ADEF8A1C9FB2DE00D1A471 /* MainView.h */ = {isa = PBXFileReference; fileEncoding = 4; lastKnownFileType = sourcecode.c.h; path = MainView.h; sourceTree = "<group>"; };
		A0ADEF8B1C9FB2DE00D1A471 /* MainView.m */ = {isa = PBXFileReference; fileEncoding = 4; lastKnownFileType = sourcecode.c.objc; path = MainView.m; sourceTree = "<group>"; };
		A0F2921B1D86781200BC6A53 /* UIView+Helper.h */ = {isa = PBXFileReference; fileEncoding = 4; lastKnownFileType = sourcecode.c.h; path = "UIView+Helper.h"; sourceTree = "<group>"; };
		A0F2921C1D86781200BC6A53 /* UIView+Helper.m */ = {isa = PBXFileReference; fileEncoding = 4; lastKnownFileType = sourcecode.c.objc; path = "UIView+Helper.m"; sourceTree = "<group>"; };
/* End PBXFileReference section */

/* Begin PBXFrameworksBuildPhase section */
		6405A5B01C696BE600441745 /* Frameworks */ = {
			isa = PBXFrameworksBuildPhase;
			buildActionMask = 2147483647;
			files = (
			);
			runOnlyForDeploymentPostprocessing = 0;
		};
/* End PBXFrameworksBuildPhase section */

/* Begin PBXGroup section */
		6405A5AA1C696BE600441745 = {
			isa = PBXGroup;
			children = (
				6405A5B51C696BE600441745 /* SampleApp */,
				6405A5B41C696BE600441745 /* Products */,
			);
			sourceTree = "<group>";
		};
		6405A5B41C696BE600441745 /* Products */ = {
			isa = PBXGroup;
			children = (
				6405A5B31C696BE600441745 /* OneToOneSample.app */,
			);
			name = Products;
			sourceTree = "<group>";
		};
		6405A5B51C696BE600441745 /* SampleApp */ = {
			isa = PBXGroup;
			children = (
				6405A5B91C696BE600441745 /* AppDelegate.h */,
				6405A5BA1C696BE600441745 /* AppDelegate.m */,
				6405A5BC1C696BE600441745 /* MainViewController.h */,
				6405A5BD1C696BE600441745 /* MainViewController.m */,
				A0ADEF8A1C9FB2DE00D1A471 /* MainView.h */,
				A0ADEF8B1C9FB2DE00D1A471 /* MainView.m */,
				A0F2921B1D86781200BC6A53 /* UIView+Helper.h */,
				A0F2921C1D86781200BC6A53 /* UIView+Helper.m */,
				6405A5BF1C696BE600441745 /* Main.storyboard */,
				6405A5C51C696BE600441745 /* Assets.xcassets */,
				6405A5C71C696BE600441745 /* LaunchScreen.storyboard */,
				6405A5CA1C696BE600441745 /* Info.plist */,
				6405A5B61C696BE600441745 /* Supporting Files */,
			);
			path = SampleApp;
			sourceTree = "<group>";
		};
		6405A5B61C696BE600441745 /* Supporting Files */ = {
			isa = PBXGroup;
			children = (
				6405A5B71C696BE600441745 /* main.m */,
			);
			name = "Supporting Files";
			sourceTree = "<group>";
		};
/* End PBXGroup section */

/* Begin PBXNativeTarget section */
		6405A5B21C696BE600441745 /* OneToOneSample */ = {
			isa = PBXNativeTarget;
			buildConfigurationList = 6405A5CD1C696BE600441745 /* Build configuration list for PBXNativeTarget "OneToOneSample" */;
			buildPhases = (
				6405A5AF1C696BE600441745 /* Sources */,
				6405A5B01C696BE600441745 /* Frameworks */,
				6405A5B11C696BE600441745 /* Resources */,
				6405A5E11C696BF700441745 /* Embed Frameworks */,
			);
			buildRules = (
			);
			dependencies = (
			);
			name = OneToOneSample;
			productName = SampleApp;
			productReference = 6405A5B31C696BE600441745 /* OneToOneSample.app */;
			productType = "com.apple.product-type.application";
		};
/* End PBXNativeTarget section */

/* Begin PBXProject section */
		6405A5AB1C696BE600441745 /* Project object */ = {
			isa = PBXProject;
			attributes = {
				LastUpgradeCheck = 0720;
				ORGANIZATIONNAME = AgilityFeat;
				TargetAttributes = {
					6405A5B21C696BE600441745 = {
						CreatedOnToolsVersion = 7.2.1;
						DevelopmentTeam = 246HEUPQZ9;
					};
				};
			};
			buildConfigurationList = 6405A5AE1C696BE600441745 /* Build configuration list for PBXProject "OneToOneSample" */;
			compatibilityVersion = "Xcode 3.2";
			developmentRegion = English;
			hasScannedForEncodings = 0;
			knownRegions = (
				en,
				Base,
			);
			mainGroup = 6405A5AA1C696BE600441745;
			productRefGroup = 6405A5B41C696BE600441745 /* Products */;
			projectDirPath = "";
			projectRoot = "";
			targets = (
				6405A5B21C696BE600441745 /* OneToOneSample */,
			);
		};
/* End PBXProject section */

/* Begin PBXResourcesBuildPhase section */
		6405A5B11C696BE600441745 /* Resources */ = {
			isa = PBXResourcesBuildPhase;
			buildActionMask = 2147483647;
			files = (
				6405A5C91C696BE600441745 /* LaunchScreen.storyboard in Resources */,
				6405A5C61C696BE600441745 /* Assets.xcassets in Resources */,
				6405A5C11C696BE600441745 /* Main.storyboard in Resources */,
			);
			runOnlyForDeploymentPostprocessing = 0;
		};
/* End PBXResourcesBuildPhase section */

/* Begin PBXSourcesBuildPhase section */
		6405A5AF1C696BE600441745 /* Sources */ = {
			isa = PBXSourcesBuildPhase;
			buildActionMask = 2147483647;
			files = (
				6405A5BE1C696BE600441745 /* MainViewController.m in Sources */,
				6405A5BB1C696BE600441745 /* AppDelegate.m in Sources */,
				6405A5B81C696BE600441745 /* main.m in Sources */,
				A0ADEF8C1C9FB2DE00D1A471 /* MainView.m in Sources */,
				A0F2921D1D86781200BC6A53 /* UIView+Helper.m in Sources */,
			);
			runOnlyForDeploymentPostprocessing = 0;
		};
/* End PBXSourcesBuildPhase section */

/* Begin PBXVariantGroup section */
		6405A5BF1C696BE600441745 /* Main.storyboard */ = {
			isa = PBXVariantGroup;
			children = (
				6405A5C01C696BE600441745 /* Base */,
			);
			name = Main.storyboard;
			sourceTree = "<group>";
		};
		6405A5C71C696BE600441745 /* LaunchScreen.storyboard */ = {
			isa = PBXVariantGroup;
			children = (
				6405A5C81C696BE600441745 /* Base */,
			);
			name = LaunchScreen.storyboard;
			sourceTree = "<group>";
		};
/* End PBXVariantGroup section */

/* Begin XCBuildConfiguration section */
		6405A5CB1C696BE600441745 /* Debug */ = {
			isa = XCBuildConfiguration;
			buildSettings = {
				ALWAYS_SEARCH_USER_PATHS = NO;
				CLANG_CXX_LANGUAGE_STANDARD = "gnu++0x";
				CLANG_CXX_LIBRARY = "libc++";
				CLANG_ENABLE_MODULES = YES;
				CLANG_ENABLE_OBJC_ARC = YES;
				CLANG_WARN_BOOL_CONVERSION = YES;
				CLANG_WARN_CONSTANT_CONVERSION = YES;
				CLANG_WARN_DIRECT_OBJC_ISA_USAGE = YES_ERROR;
				CLANG_WARN_EMPTY_BODY = YES;
				CLANG_WARN_ENUM_CONVERSION = YES;
				CLANG_WARN_INT_CONVERSION = YES;
				CLANG_WARN_OBJC_ROOT_CLASS = YES_ERROR;
				CLANG_WARN_UNREACHABLE_CODE = YES;
				CLANG_WARN__DUPLICATE_METHOD_MATCH = YES;
				"CODE_SIGN_IDENTITY[sdk=iphoneos*]" = "iPhone Developer";
				COPY_PHASE_STRIP = NO;
				DEBUG_INFORMATION_FORMAT = dwarf;
				ENABLE_STRICT_OBJC_MSGSEND = YES;
				ENABLE_TESTABILITY = YES;
				GCC_C_LANGUAGE_STANDARD = gnu99;
				GCC_DYNAMIC_NO_PIC = NO;
				GCC_NO_COMMON_BLOCKS = YES;
				GCC_OPTIMIZATION_LEVEL = 0;
				GCC_PREPROCESSOR_DEFINITIONS = (
					"DEBUG=1",
					"$(inherited)",
				);
				GCC_WARN_64_TO_32_BIT_CONVERSION = YES;
				GCC_WARN_ABOUT_RETURN_TYPE = YES_ERROR;
				GCC_WARN_UNDECLARED_SELECTOR = YES;
				GCC_WARN_UNINITIALIZED_AUTOS = YES_AGGRESSIVE;
				GCC_WARN_UNUSED_FUNCTION = YES;
				GCC_WARN_UNUSED_VARIABLE = YES;
				IPHONEOS_DEPLOYMENT_TARGET = 9.3;
				MTL_ENABLE_DEBUG_INFO = YES;
				ONLY_ACTIVE_ARCH = YES;
				SDKROOT = iphoneos;
				TARGETED_DEVICE_FAMILY = "1,2";
			};
			name = Debug;
		};
		6405A5CC1C696BE600441745 /* Release */ = {
			isa = XCBuildConfiguration;
			buildSettings = {
				ALWAYS_SEARCH_USER_PATHS = NO;
				CLANG_CXX_LANGUAGE_STANDARD = "gnu++0x";
				CLANG_CXX_LIBRARY = "libc++";
				CLANG_ENABLE_MODULES = YES;
				CLANG_ENABLE_OBJC_ARC = YES;
				CLANG_WARN_BOOL_CONVERSION = YES;
				CLANG_WARN_CONSTANT_CONVERSION = YES;
				CLANG_WARN_DIRECT_OBJC_ISA_USAGE = YES_ERROR;
				CLANG_WARN_EMPTY_BODY = YES;
				CLANG_WARN_ENUM_CONVERSION = YES;
				CLANG_WARN_INT_CONVERSION = YES;
				CLANG_WARN_OBJC_ROOT_CLASS = YES_ERROR;
				CLANG_WARN_UNREACHABLE_CODE = YES;
				CLANG_WARN__DUPLICATE_METHOD_MATCH = YES;
				"CODE_SIGN_IDENTITY[sdk=iphoneos*]" = "iPhone Developer";
				COPY_PHASE_STRIP = NO;
				DEBUG_INFORMATION_FORMAT = "dwarf-with-dsym";
				ENABLE_NS_ASSERTIONS = NO;
				ENABLE_STRICT_OBJC_MSGSEND = YES;
				GCC_C_LANGUAGE_STANDARD = gnu99;
				GCC_NO_COMMON_BLOCKS = YES;
				GCC_WARN_64_TO_32_BIT_CONVERSION = YES;
				GCC_WARN_ABOUT_RETURN_TYPE = YES_ERROR;
				GCC_WARN_UNDECLARED_SELECTOR = YES;
				GCC_WARN_UNINITIALIZED_AUTOS = YES_AGGRESSIVE;
				GCC_WARN_UNUSED_FUNCTION = YES;
				GCC_WARN_UNUSED_VARIABLE = YES;
				IPHONEOS_DEPLOYMENT_TARGET = 9.3;
				MTL_ENABLE_DEBUG_INFO = NO;
				SDKROOT = iphoneos;
				TARGETED_DEVICE_FAMILY = "1,2";
				VALIDATE_PRODUCT = YES;
			};
			name = Release;
		};
		6405A5CE1C696BE600441745 /* Debug */ = {
			isa = XCBuildConfiguration;
			buildSettings = {
				ASSETCATALOG_COMPILER_APPICON_NAME = AppIcon;
				CODE_SIGN_IDENTITY = "iPhone Developer";
				"CODE_SIGN_IDENTITY[sdk=iphoneos*]" = "iPhone Developer";
				ENABLE_BITCODE = NO;
				FRAMEWORK_SEARCH_PATHS = (
					"$(inherited)",
					"$(PROJECT_DIR)",
				);
				INFOPLIST_FILE = SampleApp/Info.plist;
				IPHONEOS_DEPLOYMENT_TARGET = 8.0;
				LD_RUNPATH_SEARCH_PATHS = "$(inherited) @executable_path/Frameworks";
				PRODUCT_BUNDLE_IDENTIFIER = com.tokbox.OneToOneSample;
				PRODUCT_NAME = OneToOneSample;
				PROVISIONING_PROFILE = "";
			};
			name = Debug;
		};
		6405A5CF1C696BE600441745 /* Release */ = {
			isa = XCBuildConfiguration;
			buildSettings = {
				ASSETCATALOG_COMPILER_APPICON_NAME = AppIcon;
				CODE_SIGN_IDENTITY = "iPhone Developer";
				"CODE_SIGN_IDENTITY[sdk=iphoneos*]" = "iPhone Developer";
				ENABLE_BITCODE = NO;
				FRAMEWORK_SEARCH_PATHS = (
					"$(inherited)",
					"$(PROJECT_DIR)",
				);
				INFOPLIST_FILE = SampleApp/Info.plist;
				IPHONEOS_DEPLOYMENT_TARGET = 8.0;
				LD_RUNPATH_SEARCH_PATHS = "$(inherited) @executable_path/Frameworks";
				PRODUCT_BUNDLE_IDENTIFIER = com.tokbox.OneToOneSample;
				PRODUCT_NAME = OneToOneSample;
				PROVISIONING_PROFILE = "";
			};
			name = Release;
		};
/* End XCBuildConfiguration section */

/* Begin XCConfigurationList section */
		6405A5AE1C696BE600441745 /* Build configuration list for PBXProject "OneToOneSample" */ = {
			isa = XCConfigurationList;
			buildConfigurations = (
				6405A5CB1C696BE600441745 /* Debug */,
				6405A5CC1C696BE600441745 /* Release */,
			);
			defaultConfigurationIsVisible = 0;
			defaultConfigurationName = Release;
		};
		6405A5CD1C696BE600441745 /* Build configuration list for PBXNativeTarget "OneToOneSample" */ = {
			isa = XCConfigurationList;
			buildConfigurations = (
				6405A5CE1C696BE600441745 /* Debug */,
				6405A5CF1C696BE600441745 /* Release */,
			);
			defaultConfigurationIsVisible = 0;
			defaultConfigurationName = Release;
		};
/* End XCConfigurationList section */
	};
	rootObject = 6405A5AB1C696BE600441745 /* Project object */;
}
